// !$*UTF8*$!
{
	archiveVersion = 1;
	classes = {
	};
	objectVersion = 46;
	objects = {

/* Begin PBXBuildFile section */
		CE93B7891B29320E003F72EE /* AppDelegate.swift in Sources */ = {isa = PBXBuildFile; fileRef = CE93B7881B29320E003F72EE /* AppDelegate.swift */; };
		CE93B78B1B29320E003F72EE /* ViewController.swift in Sources */ = {isa = PBXBuildFile; fileRef = CE93B78A1B29320E003F72EE /* ViewController.swift */; };
		CE93B78E1B29320E003F72EE /* Main.storyboard in Resources */ = {isa = PBXBuildFile; fileRef = CE93B78C1B29320E003F72EE /* Main.storyboard */; };
		CE93B7901B29320E003F72EE /* Images.xcassets in Resources */ = {isa = PBXBuildFile; fileRef = CE93B78F1B29320E003F72EE /* Images.xcassets */; };
		CE93B7931B29320E003F72EE /* LaunchScreen.xib in Resources */ = {isa = PBXBuildFile; fileRef = CE93B7911B29320E003F72EE /* LaunchScreen.xib */; };
		CE93B79F1B29320E003F72EE /* pitchtTests.swift in Sources */ = {isa = PBXBuildFile; fileRef = CE93B79E1B29320E003F72EE /* pitchtTests.swift */; };
		CE93B7AB1B2933E7003F72EE /* pic.jpg in Resources */ = {isa = PBXBuildFile; fileRef = CE93B7AA1B2933E7003F72EE /* pic.jpg */; };
/* End PBXBuildFile section */

/* Begin PBXContainerItemProxy section */
		CE93B7991B29320E003F72EE /* PBXContainerItemProxy */ = {
			isa = PBXContainerItemProxy;
			containerPortal = CE93B77B1B29320E003F72EE /* Project object */;
			proxyType = 1;
			remoteGlobalIDString = CE93B7821B29320E003F72EE;
			remoteInfo = pitcht;
		};
/* End PBXContainerItemProxy section */

/* Begin PBXFileReference section */
		CE93B7831B29320E003F72EE /* pitcht.app */ = {isa = PBXFileReference; explicitFileType = wrapper.application; includeInIndex = 0; path = pitcht.app; sourceTree = BUILT_PRODUCTS_DIR; };
		CE93B7871B29320E003F72EE /* Info.plist */ = {isa = PBXFileReference; lastKnownFileType = text.plist.xml; path = Info.plist; sourceTree = "<group>"; };
		CE93B7881B29320E003F72EE /* AppDelegate.swift */ = {isa = PBXFileReference; lastKnownFileType = sourcecode.swift; path = AppDelegate.swift; sourceTree = "<group>"; };
		CE93B78A1B29320E003F72EE /* ViewController.swift */ = {isa = PBXFileReference; lastKnownFileType = sourcecode.swift; path = ViewController.swift; sourceTree = "<group>"; };
		CE93B78D1B29320E003F72EE /* Base */ = {isa = PBXFileReference; lastKnownFileType = file.storyboard; name = Base; path = Base.lproj/Main.storyboard; sourceTree = "<group>"; };
		CE93B78F1B29320E003F72EE /* Images.xcassets */ = {isa = PBXFileReference; lastKnownFileType = folder.assetcatalog; path = Images.xcassets; sourceTree = "<group>"; };
		CE93B7921B29320E003F72EE /* Base */ = {isa = PBXFileReference; lastKnownFileType = file.xib; name = Base; path = Base.lproj/LaunchScreen.xib; sourceTree = "<group>"; };
		CE93B7981B29320E003F72EE /* pitchtTests.xctest */ = {isa = PBXFileReference; explicitFileType = wrapper.cfbundle; includeInIndex = 0; path = pitchtTests.xctest; sourceTree = BUILT_PRODUCTS_DIR; };
		CE93B79D1B29320E003F72EE /* Info.plist */ = {isa = PBXFileReference; lastKnownFileType = text.plist.xml; path = Info.plist; sourceTree = "<group>"; };
		CE93B79E1B29320E003F72EE /* pitchtTests.swift */ = {isa = PBXFileReference; lastKnownFileType = sourcecode.swift; path = pitchtTests.swift; sourceTree = "<group>"; };
		CE93B7AA1B2933E7003F72EE /* pic.jpg */ = {isa = PBXFileReference; lastKnownFileType = image.jpeg; path = pic.jpg; sourceTree = "<group>"; };
/* End PBXFileReference section */

/* Begin PBXFrameworksBuildPhase section */
		CE93B7801B29320E003F72EE /* Frameworks */ = {
			isa = PBXFrameworksBuildPhase;
			buildActionMask = 2147483647;
			files = (
			);
			runOnlyForDeploymentPostprocessing = 0;
		};
		CE93B7951B29320E003F72EE /* Frameworks */ = {
			isa = PBXFrameworksBuildPhase;
			buildActionMask = 2147483647;
			files = (
			);
			runOnlyForDeploymentPostprocessing = 0;
		};
/* End PBXFrameworksBuildPhase section */

/* Begin PBXGroup section */
		CE93B77A1B29320E003F72EE = {
			isa = PBXGroup;
			children = (
				CE93B7851B29320E003F72EE /* pitcht */,
				CE93B79B1B29320E003F72EE /* pitchtTests */,
				CE93B7841B29320E003F72EE /* Products */,
			);
			sourceTree = "<group>";
		};
		CE93B7841B29320E003F72EE /* Products */ = {
			isa = PBXGroup;
			children = (
				CE93B7831B29320E003F72EE /* pitcht.app */,
				CE93B7981B29320E003F72EE /* pitchtTests.xctest */,
			);
			name = Products;
			sourceTree = "<group>";
		};
		CE93B7851B29320E003F72EE /* pitcht */ = {
			isa = PBXGroup;
			children = (
				CE93B7881B29320E003F72EE /* AppDelegate.swift */,
				CE93B78A1B29320E003F72EE /* ViewController.swift */,
				CE93B78C1B29320E003F72EE /* Main.storyboard */,
				CE93B7AA1B2933E7003F72EE /* pic.jpg */,
				CE93B78F1B29320E003F72EE /* Images.xcassets */,
				CE93B7911B29320E003F72EE /* LaunchScreen.xib */,
				CE93B7861B29320E003F72EE /* Supporting Files */,
			);
			path = pitcht;
			sourceTree = "<group>";
		};
		CE93B7861B29320E003F72EE /* Supporting Files */ = {
			isa = PBXGroup;
			children = (
				CE93B7871B29320E003F72EE /* Info.plist */,
			);
			name = "Supporting Files";
			sourceTree = "<group>";
		};
		CE93B79B1B29320E003F72EE /* pitchtTests */ = {
			isa = PBXGroup;
			children = (
				CE93B79E1B29320E003F72EE /* pitchtTests.swift */,
				CE93B79C1B29320E003F72EE /* Supporting Files */,
			);
			path = pitchtTests;
			sourceTree = "<group>";
		};
		CE93B79C1B29320E003F72EE /* Supporting Files */ = {
			isa = PBXGroup;
			children = (
				CE93B79D1B29320E003F72EE /* Info.plist */,
			);
			name = "Supporting Files";
			sourceTree = "<group>";
		};
/* End PBXGroup section */

/* Begin PBXNativeTarget section */
		CE93B7821B29320E003F72EE /* pitcht */ = {
			isa = PBXNativeTarget;
			buildConfigurationList = CE93B7A21B29320E003F72EE /* Build configuration list for PBXNativeTarget "pitcht" */;
			buildPhases = (
				CE93B77F1B29320E003F72EE /* Sources */,
				CE93B7801B29320E003F72EE /* Frameworks */,
				CE93B7811B29320E003F72EE /* Resources */,
			);
			buildRules = (
			);
			dependencies = (
			);
			name = pitcht;
			productName = pitcht;
			productReference = CE93B7831B29320E003F72EE /* pitcht.app */;
			productType = "com.apple.product-type.application";
		};
		CE93B7971B29320E003F72EE /* pitchtTests */ = {
			isa = PBXNativeTarget;
			buildConfigurationList = CE93B7A51B29320E003F72EE /* Build configuration list for PBXNativeTarget "pitchtTests" */;
			buildPhases = (
				CE93B7941B29320E003F72EE /* Sources */,
				CE93B7951B29320E003F72EE /* Frameworks */,
				CE93B7961B29320E003F72EE /* Resources */,
			);
			buildRules = (
			);
			dependencies = (
				CE93B79A1B29320E003F72EE /* PBXTargetDependency */,
			);
			name = pitchtTests;
			productName = pitchtTests;
			productReference = CE93B7981B29320E003F72EE /* pitchtTests.xctest */;
			productType = "com.apple.product-type.bundle.unit-test";
		};
/* End PBXNativeTarget section */

/* Begin PBXProject section */
		CE93B77B1B29320E003F72EE /* Project object */ = {
			isa = PBXProject;
			attributes = {
				LastUpgradeCheck = 0630;
				ORGANIZATIONNAME = "Eugenia Lo";
				TargetAttributes = {
					CE93B7821B29320E003F72EE = {
						CreatedOnToolsVersion = 6.3.1;
						DevelopmentTeam = C9WBJPDAL7;
					};
					CE93B7971B29320E003F72EE = {
						CreatedOnToolsVersion = 6.3.1;
						TestTargetID = CE93B7821B29320E003F72EE;
					};
				};
			};
			buildConfigurationList = CE93B77E1B29320E003F72EE /* Build configuration list for PBXProject "pitcht" */;
			compatibilityVersion = "Xcode 3.2";
			developmentRegion = English;
			hasScannedForEncodings = 0;
			knownRegions = (
				en,
				Base,
			);
			mainGroup = CE93B77A1B29320E003F72EE;
			productRefGroup = CE93B7841B29320E003F72EE /* Products */;
			projectDirPath = "";
			projectRoot = "";
			targets = (
				CE93B7821B29320E003F72EE /* pitcht */,
				CE93B7971B29320E003F72EE /* pitchtTests */,
			);
		};
/* End PBXProject section */

/* Begin PBXResourcesBuildPhase section */
		CE93B7811B29320E003F72EE /* Resources */ = {
			isa = PBXResourcesBuildPhase;
			buildActionMask = 2147483647;
			files = (
				CE93B78E1B29320E003F72EE /* Main.storyboard in Resources */,
				CE93B7931B29320E003F72EE /* LaunchScreen.xib in Resources */,
				CE93B7AB1B2933E7003F72EE /* pic.jpg in Resources */,
				CE93B7901B29320E003F72EE /* Images.xcassets in Resources */,
			);
			runOnlyForDeploymentPostprocessing = 0;
		};
		CE93B7961B29320E003F72EE /* Resources */ = {
			isa = PBXResourcesBuildPhase;
			buildActionMask = 2147483647;
			files = (
			);
			runOnlyForDeploymentPostprocessing = 0;
		};
/* End PBXResourcesBuildPhase section */

/* Begin PBXSourcesBuildPhase section */
		CE93B77F1B29320E003F72EE /* Sources */ = {
			isa = PBXSourcesBuildPhase;
			buildActionMask = 2147483647;
			files = (
				CE93B78B1B29320E003F72EE /* ViewController.swift in Sources */,
				CE93B7891B29320E003F72EE /* AppDelegate.swift in Sources */,
			);
			runOnlyForDeploymentPostprocessing = 0;
		};
		CE93B7941B29320E003F72EE /* Sources */ = {
			isa = PBXSourcesBuildPhase;
			buildActionMask = 2147483647;
			files = (
				CE93B79F1B29320E003F72EE /* pitchtTests.swift in Sources */,
			);
			runOnlyForDeploymentPostprocessing = 0;
		};
/* End PBXSourcesBuildPhase section */

/* Begin PBXTargetDependency section */
		CE93B79A1B29320E003F72EE /* PBXTargetDependency */ = {
			isa = PBXTargetDependency;
			target = CE93B7821B29320E003F72EE /* pitcht */;
			targetProxy = CE93B7991B29320E003F72EE /* PBXContainerItemProxy */;
		};
/* End PBXTargetDependency section */

/* Begin PBXVariantGroup section */
		CE93B78C1B29320E003F72EE /* Main.storyboard */ = {
			isa = PBXVariantGroup;
			children = (
				CE93B78D1B29320E003F72EE /* Base */,
			);
			name = Main.storyboard;
			sourceTree = "<group>";
		};
		CE93B7911B29320E003F72EE /* LaunchScreen.xib */ = {
			isa = PBXVariantGroup;
			children = (
				CE93B7921B29320E003F72EE /* Base */,
			);
			name = LaunchScreen.xib;
			sourceTree = "<group>";
		};
/* End PBXVariantGroup section */

/* Begin XCBuildConfiguration section */
		CE93B7A01B29320E003F72EE /* Debug */ = {
			isa = XCBuildConfiguration;
			buildSettings = {
				ALWAYS_SEARCH_USER_PATHS = NO;
				CLANG_CXX_LANGUAGE_STANDARD = "gnu++0x";
				CLANG_CXX_LIBRARY = "libc++";
				CLANG_ENABLE_MODULES = YES;
				CLANG_ENABLE_OBJC_ARC = YES;
				CLANG_WARN_BOOL_CONVERSION = YES;
				CLANG_WARN_CONSTANT_CONVERSION = YES;
				CLANG_WARN_DIRECT_OBJC_ISA_USAGE = YES_ERROR;
				CLANG_WARN_EMPTY_BODY = YES;
				CLANG_WARN_ENUM_CONVERSION = YES;
				CLANG_WARN_INT_CONVERSION = YES;
				CLANG_WARN_OBJC_ROOT_CLASS = YES_ERROR;
				CLANG_WARN_UNREACHABLE_CODE = YES;
				CLANG_WARN__DUPLICATE_METHOD_MATCH = YES;
				"CODE_SIGN_IDENTITY[sdk=iphoneos*]" = "iPhone Developer";
				COPY_PHASE_STRIP = NO;
				DEBUG_INFORMATION_FORMAT = "dwarf-with-dsym";
				ENABLE_STRICT_OBJC_MSGSEND = YES;
				GCC_C_LANGUAGE_STANDARD = gnu99;
				GCC_DYNAMIC_NO_PIC = NO;
				GCC_NO_COMMON_BLOCKS = YES;
				GCC_OPTIMIZATION_LEVEL = 0;
				GCC_PREPROCESSOR_DEFINITIONS = (
					"DEBUG=1",
					"$(inherited)",
				);
				GCC_SYMBOLS_PRIVATE_EXTERN = NO;
				GCC_WARN_64_TO_32_BIT_CONVERSION = YES;
				GCC_WARN_ABOUT_RETURN_TYPE = YES_ERROR;
				GCC_WARN_UNDECLARED_SELECTOR = YES;
				GCC_WARN_UNINITIALIZED_AUTOS = YES_AGGRESSIVE;
				GCC_WARN_UNUSED_FUNCTION = YES;
				GCC_WARN_UNUSED_VARIABLE = YES;
				IPHONEOS_DEPLOYMENT_TARGET = 8.3;
				MTL_ENABLE_DEBUG_INFO = YES;
				ONLY_ACTIVE_ARCH = YES;
				SDKROOT = iphoneos;
				SWIFT_OPTIMIZATION_LEVEL = "-Onone";
			};
			name = Debug;
		};
		CE93B7A11B29320E003F72EE /* Release */ = {
			isa = XCBuildConfiguration;
			buildSettings = {
				ALWAYS_SEARCH_USER_PATHS = NO;
				CLANG_CXX_LANGUAGE_STANDARD = "gnu++0x";
				CLANG_CXX_LIBRARY = "libc++";
				CLANG_ENABLE_MODULES = YES;
				CLANG_ENABLE_OBJC_ARC = YES;
				CLANG_WARN_BOOL_CONVERSION = YES;
				CLANG_WARN_CONSTANT_CONVERSION = YES;
				CLANG_WARN_DIRECT_OBJC_ISA_USAGE = YES_ERROR;
				CLANG_WARN_EMPTY_BODY = YES;
				CLANG_WARN_ENUM_CONVERSION = YES;
				CLANG_WARN_INT_CONVERSION = YES;
				CLANG_WARN_OBJC_ROOT_CLASS = YES_ERROR;
				CLANG_WARN_UNREACHABLE_CODE = YES;
				CLANG_WARN__DUPLICATE_METHOD_MATCH = YES;
				"CODE_SIGN_IDENTITY[sdk=iphoneos*]" = "iPhone Developer";
				COPY_PHASE_STRIP = NO;
				DEBUG_INFORMATION_FORMAT = "dwarf-with-dsym";
				ENABLE_NS_ASSERTIONS = NO;
				ENABLE_STRICT_OBJC_MSGSEND = YES;
				GCC_C_LANGUAGE_STANDARD = gnu99;
				GCC_NO_COMMON_BLOCKS = YES;
				GCC_WARN_64_TO_32_BIT_CONVERSION = YES;
				GCC_WARN_ABOUT_RETURN_TYPE = YES_ERROR;
				GCC_WARN_UNDECLARED_SELECTOR = YES;
				GCC_WARN_UNINITIALIZED_AUTOS = YES_AGGRESSIVE;
				GCC_WARN_UNUSED_FUNCTION = YES;
				GCC_WARN_UNUSED_VARIABLE = YES;
				IPHONEOS_DEPLOYMENT_TARGET = 8.3;
				MTL_ENABLE_DEBUG_INFO = NO;
				SDKROOT = iphoneos;
				VALIDATE_PRODUCT = YES;
			};
			name = Release;
		};
		CE93B7A31B29320E003F72EE /* Debug */ = {
			isa = XCBuildConfiguration;
			buildSettings = {
				ASSETCATALOG_COMPILER_APPICON_NAME = AppIcon;
				CODE_SIGN_IDENTITY = "iPhone Developer";
				INFOPLIST_FILE = pitcht/Info.plist;
				IPHONEOS_DEPLOYMENT_TARGET = 8.1;
				LD_RUNPATH_SEARCH_PATHS = "$(inherited) @executable_path/Frameworks";
				PRODUCT_NAME = "$(TARGET_NAME)";
				TARGETED_DEVICE_FAMILY = 2;
			};
			name = Debug;
		};
		CE93B7A41B29320E003F72EE /* Release */ = {
			isa = XCBuildConfiguration;
			buildSettings = {
				ASSETCATALOG_COMPILER_APPICON_NAME = AppIcon;
				CODE_SIGN_IDENTITY = "iPhone Developer";
				INFOPLIST_FILE = pitcht/Info.plist;
				IPHONEOS_DEPLOYMENT_TARGET = 8.1;
				LD_RUNPATH_SEARCH_PATHS = "$(inherited) @executable_path/Frameworks";
				PRODUCT_NAME = "$(TARGET_NAME)";
				TARGETED_DEVICE_FAMILY = 2;
			};
			name = Release;
		};
		CE93B7A61B29320E003F72EE /* Debug */ = {
			isa = XCBuildConfiguration;
			buildSettings = {
				BUNDLE_LOADER = "$(TEST_HOST)";
				FRAMEWORK_SEARCH_PATHS = (
					"$(SDKROOT)/Developer/Library/Frameworks",
					"$(inherited)",
				);
				GCC_PREPROCESSOR_DEFINITIONS = (
					"DEBUG=1",
					"$(inherited)",
				);
				INFOPLIST_FILE = pitchtTests/Info.plist;
				LD_RUNPATH_SEARCH_PATHS = "$(inherited) @executable_path/Frameworks @loader_path/Frameworks";
				PRODUCT_NAME = "$(TARGET_NAME)";
				TEST_HOST = "$(BUILT_PRODUCTS_DIR)/pitcht.app/pitcht";
			};
			name = Debug;
		};
		CE93B7A71B29320E003F72EE /* Release */ = {
			isa = XCBuildConfiguration;
			buildSettings = {
				BUNDLE_LOADER = "$(TEST_HOST)";
				FRAMEWORK_SEARCH_PATHS = (
					"$(SDKROOT)/Developer/Library/Frameworks",
					"$(inherited)",
				);
				INFOPLIST_FILE = pitchtTests/Info.plist;
				LD_RUNPATH_SEARCH_PATHS = "$(inherited) @executable_path/Frameworks @loader_path/Frameworks";
				PRODUCT_NAME = "$(TARGET_NAME)";
				TEST_HOST = "$(BUILT_PRODUCTS_DIR)/pitcht.app/pitcht";
			};
			name = Release;
		};
/* End XCBuildConfiguration section */

/* Begin XCConfigurationList section */
		CE93B77E1B29320E003F72EE /* Build configuration list for PBXProject "pitcht" */ = {
			isa = XCConfigurationList;
			buildConfigurations = (
				CE93B7A01B29320E003F72EE /* Debug */,
				CE93B7A11B29320E003F72EE /* Release */,
			);
			defaultConfigurationIsVisible = 0;
			defaultConfigurationName = Release;
		};
		CE93B7A21B29320E003F72EE /* Build configuration list for PBXNativeTarget "pitcht" */ = {
			isa = XCConfigurationList;
			buildConfigurations = (
				CE93B7A31B29320E003F72EE /* Debug */,
				CE93B7A41B29320E003F72EE /* Release */,
			);
			defaultConfigurationIsVisible = 0;
			defaultConfigurationName = Release;
		};
		CE93B7A51B29320E003F72EE /* Build configuration list for PBXNativeTarget "pitchtTests" */ = {
			isa = XCConfigurationList;
			buildConfigurations = (
				CE93B7A61B29320E003F72EE /* Debug */,
				CE93B7A71B29320E003F72EE /* Release */,
			);
			defaultConfigurationIsVisible = 0;
			defaultConfigurationName = Release;
		};
/* End XCConfigurationList section */
	};
	rootObject = CE93B77B1B29320E003F72EE /* Project object */;
}
